
Microsoft Visual Studio Solution File, Format Version 12.00
# Visual Studio 14
VisualStudioVersion = 14.0.25420.1
MinimumVisualStudioVersion = 10.0.40219.1
Project("{FAE04EC0-301F-11D3-BF4B-00C04F79EFBC}") = "Dragon.Mail", "Dragon.Mail\Dragon.Mail.csproj", "{A573CAFD-218A-4D88-BE07-B099D99773BA}"
EndProject
Project("{FAE04EC0-301F-11D3-BF4B-00C04F79EFBC}") = "Dragon.Mail.Test", "Dragon.Mail.Test\Dragon.Mail.Test.csproj", "{36CA952D-3765-4D90-B415-91CC2E442743}"
EndProject
Project("{FAE04EC0-301F-11D3-BF4B-00C04F79EFBC}") = "Dragon.Mail.Service", "Dragon.Mail.Service\Dragon.Mail.Service.csproj", "{BD811472-9ECA-45FF-A8CF-FBB09F317125}"
EndProject
Project("{FAE04EC0-301F-11D3-BF4B-00C04F79EFBC}") = "Dragon.Mail.SenderTest", "Dragon.Mail.SenderTest\Dragon.Mail.SenderTest.csproj", "{BFD69C59-F7F3-413B-8328-58B86D006B5B}"
EndProject
Project("{FAE04EC0-301F-11D3-BF4B-00C04F79EFBC}") = "Dragon.Mail.SqlQueue", "Dragon.Mail.SqlQueue\Dragon.Mail.SqlQueue.csproj", "{254794EF-5EF6-4D16-BAC0-62DB7201072E}"
EndProject
Project("{2150E333-8FDC-42A3-9474-1A3956D46DE8}") = "Code", "Code", "{A7BFF2F6-E14B-46A7-BD66-5A08EE9E7B99}"
EndProject
Project("{2150E333-8FDC-42A3-9474-1A3956D46DE8}") = "Tests", "Tests", "{AC1BECF0-6718-4AC6-B685-72F62B51EAF8}"
EndProject
Project("{2150E333-8FDC-42A3-9474-1A3956D46DE8}") = "Solution Items", "Solution Items", "{52EA824C-1AA5-47F8-A75A-E8BF2E7920B1}"
	ProjectSection(SolutionItems) = preProject
		README.md = README.md
	EndProjectSection
EndProject
Project("{FAE04EC0-301F-11D3-BF4B-00C04F79EFBC}") = "Dragon.Mail.Example", "Dragon.Mail.Example\Dragon.Mail.Example.csproj", "{CDA4540C-263A-45C8-969B-5BE691AD5566}"
EndProject
Global
	GlobalSection(SolutionConfigurationPlatforms) = preSolution
		Debug|Any CPU = Debug|Any CPU
		Release|Any CPU = Release|Any CPU
	EndGlobalSection
	GlobalSection(ProjectConfigurationPlatforms) = postSolution
		{A573CAFD-218A-4D88-BE07-B099D99773BA}.Debug|Any CPU.ActiveCfg = Debug|Any CPU
		{A573CAFD-218A-4D88-BE07-B099D99773BA}.Debug|Any CPU.Build.0 = Debug|Any CPU
		{A573CAFD-218A-4D88-BE07-B099D99773BA}.Release|Any CPU.ActiveCfg = Release|Any CPU
		{A573CAFD-218A-4D88-BE07-B099D99773BA}.Release|Any CPU.Build.0 = Release|Any CPU
		{36CA952D-3765-4D90-B415-91CC2E442743}.Debug|Any CPU.ActiveCfg = Debug|Any CPU
		{36CA952D-3765-4D90-B415-91CC2E442743}.Debug|Any CPU.Build.0 = Debug|Any CPU
		{36CA952D-3765-4D90-B415-91CC2E442743}.Release|Any CPU.ActiveCfg = Release|Any CPU
		{36CA952D-3765-4D90-B415-91CC2E442743}.Release|Any CPU.Build.0 = Release|Any CPU
		{BD811472-9ECA-45FF-A8CF-FBB09F317125}.Debug|Any CPU.ActiveCfg = Debug|Any CPU
		{BD811472-9ECA-45FF-A8CF-FBB09F317125}.Debug|Any CPU.Build.0 = Debug|Any CPU
		{BD811472-9ECA-45FF-A8CF-FBB09F317125}.Release|Any CPU.ActiveCfg = Release|Any CPU
		{BD811472-9ECA-45FF-A8CF-FBB09F317125}.Release|Any CPU.Build.0 = Release|Any CPU
		{BFD69C59-F7F3-413B-8328-58B86D006B5B}.Debug|Any CPU.ActiveCfg = Debug|Any CPU
		{BFD69C59-F7F3-413B-8328-58B86D006B5B}.Debug|Any CPU.Build.0 = Debug|Any CPU
		{BFD69C59-F7F3-413B-8328-58B86D006B5B}.Release|Any CPU.ActiveCfg = Release|Any CPU
		{BFD69C59-F7F3-413B-8328-58B86D006B5B}.Release|Any CPU.Build.0 = Release|Any CPU
		{254794EF-5EF6-4D16-BAC0-62DB7201072E}.Debug|Any CPU.ActiveCfg = Debug|Any CPU
		{254794EF-5EF6-4D16-BAC0-62DB7201072E}.Debug|Any CPU.Build.0 = Debug|Any CPU
		{254794EF-5EF6-4D16-BAC0-62DB7201072E}.Release|Any CPU.ActiveCfg = Release|Any CPU
		{254794EF-5EF6-4D16-BAC0-62DB7201072E}.Release|Any CPU.Build.0 = Release|Any CPU
		{CDA4540C-263A-45C8-969B-5BE691AD5566}.Debug|Any CPU.ActiveCfg = Debug|Any CPU
		{CDA4540C-263A-45C8-969B-5BE691AD5566}.Debug|Any CPU.Build.0 = Debug|Any CPU
		{CDA4540C-263A-45C8-969B-5BE691AD5566}.Release|Any CPU.ActiveCfg = Release|Any CPU
		{CDA4540C-263A-45C8-969B-5BE691AD5566}.Release|Any CPU.Build.0 = Release|Any CPU
	EndGlobalSection
	GlobalSection(SolutionProperties) = preSolution
		HideSolutionNode = FALSE
	EndGlobalSection
	GlobalSection(NestedProjects) = preSolution
		{A573CAFD-218A-4D88-BE07-B099D99773BA} = {A7BFF2F6-E14B-46A7-BD66-5A08EE9E7B99}
		{36CA952D-3765-4D90-B415-91CC2E442743} = {AC1BECF0-6718-4AC6-B685-72F62B51EAF8}
		{BD811472-9ECA-45FF-A8CF-FBB09F317125} = {A7BFF2F6-E14B-46A7-BD66-5A08EE9E7B99}
		{BFD69C59-F7F3-413B-8328-58B86D006B5B} = {AC1BECF0-6718-4AC6-B685-72F62B51EAF8}
		{254794EF-5EF6-4D16-BAC0-62DB7201072E} = {A7BFF2F6-E14B-46A7-BD66-5A08EE9E7B99}
		{CDA4540C-263A-45C8-969B-5BE691AD5566} = {AC1BECF0-6718-4AC6-B685-72F62B51EAF8}
	EndGlobalSection
EndGlobal
