
Microsoft Visual Studio Solution File, Format Version 12.00
# Visual Studio 2013
VisualStudioVersion = 12.0.31101.0
MinimumVisualStudioVersion = 10.0.40219.1
Project("{FAE04EC0-301F-11D3-BF4B-00C04F79EFBC}") = "Dragon.Mail", "Dragon.Mail.csproj", "{A573CAFD-218A-4D88-BE07-B099D99773BA}"
EndProject
Project("{FAE04EC0-301F-11D3-BF4B-00C04F79EFBC}") = "Dragon.Mail.Test", "..\Dragon.Mail.Test\Dragon.Mail.Test.csproj", "{36CA952D-3765-4D90-B415-91CC2E442743}"
EndProject
Project("{FAE04EC0-301F-11D3-BF4B-00C04F79EFBC}") = "Dragon.Mail.Service", "..\Dragon.Mail.Service\Dragon.Mail.Service.csproj", "{BD811472-9ECA-45FF-A8CF-FBB09F317125}"
EndProject
Project("{FAE04EC0-301F-11D3-BF4B-00C04F79EFBC}") = "Dragon.Mail.SenderTest", "Dragon.Mail.SenderTest\Dragon.Mail.SenderTest.csproj", "{BFD69C59-F7F3-413B-8328-58B86D006B5B}"
EndProject
Project("{FAE04EC0-301F-11D3-BF4B-00C04F79EFBC}") = "Dragon.Mail.SqlQueue", "Dragon.Mail.SqlQueue\Dragon.Mail.SqlQueue.csproj", "{254794EF-5EF6-4D16-BAC0-62DB7201072E}"
EndProject
Global
	GlobalSection(SolutionConfigurationPlatforms) = preSolution
		Debug|Any CPU = Debug|Any CPU
		Release|Any CPU = Release|Any CPU
	EndGlobalSection
	GlobalSection(ProjectConfigurationPlatforms) = postSolution
		{A573CAFD-218A-4D88-BE07-B099D99773BA}.Debug|Any CPU.ActiveCfg = Debug|Any CPU
		{A573CAFD-218A-4D88-BE07-B099D99773BA}.Debug|Any CPU.Build.0 = Debug|Any CPU
		{A573CAFD-218A-4D88-BE07-B099D99773BA}.Release|Any CPU.ActiveCfg = Release|Any CPU
		{A573CAFD-218A-4D88-BE07-B099D99773BA}.Release|Any CPU.Build.0 = Release|Any CPU
		{36CA952D-3765-4D90-B415-91CC2E442743}.Debug|Any CPU.ActiveCfg = Debug|Any CPU
		{36CA952D-3765-4D90-B415-91CC2E442743}.Debug|Any CPU.Build.0 = Debug|Any CPU
		{36CA952D-3765-4D90-B415-91CC2E442743}.Release|Any CPU.ActiveCfg = Release|Any CPU
		{36CA952D-3765-4D90-B415-91CC2E442743}.Release|Any CPU.Build.0 = Release|Any CPU
		{BD811472-9ECA-45FF-A8CF-FBB09F317125}.Debug|Any CPU.ActiveCfg = Debug|Any CPU
		{BD811472-9ECA-45FF-A8CF-FBB09F317125}.Debug|Any CPU.Build.0 = Debug|Any CPU
		{BD811472-9ECA-45FF-A8CF-FBB09F317125}.Release|Any CPU.ActiveCfg = Release|Any CPU
		{BD811472-9ECA-45FF-A8CF-FBB09F317125}.Release|Any CPU.Build.0 = Release|Any CPU
		{BFD69C59-F7F3-413B-8328-58B86D006B5B}.Debug|Any CPU.ActiveCfg = Debug|Any CPU
		{BFD69C59-F7F3-413B-8328-58B86D006B5B}.Debug|Any CPU.Build.0 = Debug|Any CPU
		{BFD69C59-F7F3-413B-8328-58B86D006B5B}.Release|Any CPU.ActiveCfg = Release|Any CPU
		{BFD69C59-F7F3-413B-8328-58B86D006B5B}.Release|Any CPU.Build.0 = Release|Any CPU
		{254794EF-5EF6-4D16-BAC0-62DB7201072E}.Debug|Any CPU.ActiveCfg = Debug|Any CPU
		{254794EF-5EF6-4D16-BAC0-62DB7201072E}.Debug|Any CPU.Build.0 = Debug|Any CPU
		{254794EF-5EF6-4D16-BAC0-62DB7201072E}.Release|Any CPU.ActiveCfg = Release|Any CPU
		{254794EF-5EF6-4D16-BAC0-62DB7201072E}.Release|Any CPU.Build.0 = Release|Any CPU
	EndGlobalSection
	GlobalSection(SolutionProperties) = preSolution
		HideSolutionNode = FALSE
	EndGlobalSection
EndGlobal
