
Microsoft Visual Studio Solution File, Format Version 12.00
# Visual Studio 2013
VisualStudioVersion = 12.0.31101.0
MinimumVisualStudioVersion = 10.0.40219.1
Project("{FAE04EC0-301F-11D3-BF4B-00C04F79EFBC}") = "Dragon.Files.Test", "test\Dragon.Files.Test.csproj", "{9C130ACF-E6DB-4788-B590-622E39416293}"
EndProject
Project("{FAE04EC0-301F-11D3-BF4B-00C04F79EFBC}") = "Dragon.Files", "src\Dragon.Files\Dragon.Files.csproj", "{72B5B216-3087-43AE-892B-10D0E0277718}"
EndProject
Project("{FAE04EC0-301F-11D3-BF4B-00C04F79EFBC}") = "Dragon.Files.MVC", "src\Dragon.Files.MVC\Dragon.Files.MVC.csproj", "{9E03F634-858C-4856-99C3-AC3377ED666F}"
EndProject
Project("{FAE04EC0-301F-11D3-BF4B-00C04F79EFBC}") = "Dragon.Files.S3", "src\Dragon.Files.S3\Dragon.Files.S3.csproj", "{9E88086D-3FA8-44F8-ABC5-26BE37FF9D4A}"
EndProject
Project("{FAE04EC0-301F-11D3-BF4B-00C04F79EFBC}") = "Dragon.Files.AzureBlobStorage", "Dragon.Files.AzureBlobStorage\Dragon.Files.AzureBlobStorage.csproj", "{AEFCCE7B-7563-4DBB-8F5D-834B5CB7E763}"
EndProject
Global
	GlobalSection(SolutionConfigurationPlatforms) = preSolution
		Debug|Any CPU = Debug|Any CPU
		Release|Any CPU = Release|Any CPU
	EndGlobalSection
	GlobalSection(ProjectConfigurationPlatforms) = postSolution
		{9C130ACF-E6DB-4788-B590-622E39416293}.Debug|Any CPU.ActiveCfg = Debug|Any CPU
		{9C130ACF-E6DB-4788-B590-622E39416293}.Debug|Any CPU.Build.0 = Debug|Any CPU
		{9C130ACF-E6DB-4788-B590-622E39416293}.Release|Any CPU.ActiveCfg = Release|Any CPU
		{9C130ACF-E6DB-4788-B590-622E39416293}.Release|Any CPU.Build.0 = Release|Any CPU
		{72B5B216-3087-43AE-892B-10D0E0277718}.Debug|Any CPU.ActiveCfg = Debug|Any CPU
		{72B5B216-3087-43AE-892B-10D0E0277718}.Debug|Any CPU.Build.0 = Debug|Any CPU
		{72B5B216-3087-43AE-892B-10D0E0277718}.Release|Any CPU.ActiveCfg = Release|Any CPU
		{72B5B216-3087-43AE-892B-10D0E0277718}.Release|Any CPU.Build.0 = Release|Any CPU
		{9E03F634-858C-4856-99C3-AC3377ED666F}.Debug|Any CPU.ActiveCfg = Debug|Any CPU
		{9E03F634-858C-4856-99C3-AC3377ED666F}.Debug|Any CPU.Build.0 = Debug|Any CPU
		{9E03F634-858C-4856-99C3-AC3377ED666F}.Release|Any CPU.ActiveCfg = Release|Any CPU
		{9E03F634-858C-4856-99C3-AC3377ED666F}.Release|Any CPU.Build.0 = Release|Any CPU
		{9E88086D-3FA8-44F8-ABC5-26BE37FF9D4A}.Debug|Any CPU.ActiveCfg = Debug|Any CPU
		{9E88086D-3FA8-44F8-ABC5-26BE37FF9D4A}.Debug|Any CPU.Build.0 = Debug|Any CPU
		{9E88086D-3FA8-44F8-ABC5-26BE37FF9D4A}.Release|Any CPU.ActiveCfg = Release|Any CPU
		{9E88086D-3FA8-44F8-ABC5-26BE37FF9D4A}.Release|Any CPU.Build.0 = Release|Any CPU
		{AEFCCE7B-7563-4DBB-8F5D-834B5CB7E763}.Debug|Any CPU.ActiveCfg = Debug|Any CPU
		{AEFCCE7B-7563-4DBB-8F5D-834B5CB7E763}.Debug|Any CPU.Build.0 = Debug|Any CPU
		{AEFCCE7B-7563-4DBB-8F5D-834B5CB7E763}.Release|Any CPU.ActiveCfg = Release|Any CPU
		{AEFCCE7B-7563-4DBB-8F5D-834B5CB7E763}.Release|Any CPU.Build.0 = Release|Any CPU
	EndGlobalSection
	GlobalSection(SolutionProperties) = preSolution
		HideSolutionNode = FALSE
	EndGlobalSection
EndGlobal
