
Microsoft Visual Studio Solution File, Format Version 12.00
# Visual Studio 15
VisualStudioVersion = 15.0.26228.4
MinimumVisualStudioVersion = 10.0.40219.1
Project("{FAE04EC0-301F-11D3-BF4B-00C04F79EFBC}") = "Dragon.Data", "Dragon.Data\Dragon.Data.csproj", "{3334EDEB-5E7D-43B7-9EB8-213833706466}"
EndProject
Project("{FAE04EC0-301F-11D3-BF4B-00C04F79EFBC}") = "Dragon.Data.Test", "Dragon.Data.Test\Dragon.Data.Test.csproj", "{78694840-C3B1-4C6F-8151-37CD2BAB2076}"
EndProject
Global
	GlobalSection(SolutionConfigurationPlatforms) = preSolution
		Debug|Any CPU = Debug|Any CPU
		Release|Any CPU = Release|Any CPU
	EndGlobalSection
	GlobalSection(ProjectConfigurationPlatforms) = postSolution
		{3334EDEB-5E7D-43B7-9EB8-213833706466}.Debug|Any CPU.ActiveCfg = Debug|Any CPU
		{3334EDEB-5E7D-43B7-9EB8-213833706466}.Debug|Any CPU.Build.0 = Debug|Any CPU
		{3334EDEB-5E7D-43B7-9EB8-213833706466}.Release|Any CPU.ActiveCfg = Release|Any CPU
		{3334EDEB-5E7D-43B7-9EB8-213833706466}.Release|Any CPU.Build.0 = Release|Any CPU
		{78694840-C3B1-4C6F-8151-37CD2BAB2076}.Debug|Any CPU.ActiveCfg = Debug|Any CPU
		{78694840-C3B1-4C6F-8151-37CD2BAB2076}.Debug|Any CPU.Build.0 = Debug|Any CPU
		{78694840-C3B1-4C6F-8151-37CD2BAB2076}.Release|Any CPU.ActiveCfg = Release|Any CPU
		{78694840-C3B1-4C6F-8151-37CD2BAB2076}.Release|Any CPU.Build.0 = Release|Any CPU
	EndGlobalSection
	GlobalSection(SolutionProperties) = preSolution
		HideSolutionNode = FALSE
	EndGlobalSection
EndGlobal
