
Microsoft Visual Studio Solution File, Format Version 12.00
# Visual Studio 2013
VisualStudioVersion = 12.0.40629.0
MinimumVisualStudioVersion = 10.0.40219.1
Project("{FAE04EC0-301F-11D3-BF4B-00C04F79EFBC}") = "Dragon.CPR", "src\Dragon.CPR\Dragon.CPR.csproj", "{0BAC7BAB-A59A-4951-B93F-75CC55F168B4}"
EndProject
Project("{FAE04EC0-301F-11D3-BF4B-00C04F79EFBC}") = "Dragon.CPR.Test", "test\Dragon.CPR.Test\Dragon.CPR.Test.csproj", "{17D4758D-AF5B-4FD2-8804-D2ABE99A33C1}"
EndProject
Project("{FAE04EC0-301F-11D3-BF4B-00C04F79EFBC}") = "Dragon.Context", "src\Dragon.Context\Dragon.Context.csproj", "{005C8DEE-6257-4F37-8657-EC38C412FFF5}"
EndProject
Project("{FAE04EC0-301F-11D3-BF4B-00C04F79EFBC}") = "Dragon.Context.Test", "test\Dragon.Context.Test\Dragon.Context.Test.csproj", "{61B65153-1A06-4319-9F39-5BAB379B6820}"
EndProject
Global
	GlobalSection(SolutionConfigurationPlatforms) = preSolution
		Debug|Any CPU = Debug|Any CPU
		Release|Any CPU = Release|Any CPU
	EndGlobalSection
	GlobalSection(ProjectConfigurationPlatforms) = postSolution
		{0BAC7BAB-A59A-4951-B93F-75CC55F168B4}.Debug|Any CPU.ActiveCfg = Debug|Any CPU
		{0BAC7BAB-A59A-4951-B93F-75CC55F168B4}.Debug|Any CPU.Build.0 = Debug|Any CPU
		{0BAC7BAB-A59A-4951-B93F-75CC55F168B4}.Release|Any CPU.ActiveCfg = Release|Any CPU
		{0BAC7BAB-A59A-4951-B93F-75CC55F168B4}.Release|Any CPU.Build.0 = Release|Any CPU
		{17D4758D-AF5B-4FD2-8804-D2ABE99A33C1}.Debug|Any CPU.ActiveCfg = Debug|Any CPU
		{17D4758D-AF5B-4FD2-8804-D2ABE99A33C1}.Debug|Any CPU.Build.0 = Debug|Any CPU
		{17D4758D-AF5B-4FD2-8804-D2ABE99A33C1}.Release|Any CPU.ActiveCfg = Release|Any CPU
		{17D4758D-AF5B-4FD2-8804-D2ABE99A33C1}.Release|Any CPU.Build.0 = Release|Any CPU
		{005C8DEE-6257-4F37-8657-EC38C412FFF5}.Debug|Any CPU.ActiveCfg = Debug|Any CPU
		{005C8DEE-6257-4F37-8657-EC38C412FFF5}.Debug|Any CPU.Build.0 = Debug|Any CPU
		{005C8DEE-6257-4F37-8657-EC38C412FFF5}.Release|Any CPU.ActiveCfg = Release|Any CPU
		{005C8DEE-6257-4F37-8657-EC38C412FFF5}.Release|Any CPU.Build.0 = Release|Any CPU
		{61B65153-1A06-4319-9F39-5BAB379B6820}.Debug|Any CPU.ActiveCfg = Debug|Any CPU
		{61B65153-1A06-4319-9F39-5BAB379B6820}.Debug|Any CPU.Build.0 = Debug|Any CPU
		{61B65153-1A06-4319-9F39-5BAB379B6820}.Release|Any CPU.ActiveCfg = Release|Any CPU
		{61B65153-1A06-4319-9F39-5BAB379B6820}.Release|Any CPU.Build.0 = Release|Any CPU
	EndGlobalSection
	GlobalSection(SolutionProperties) = preSolution
		HideSolutionNode = FALSE
	EndGlobalSection
EndGlobal
