
Microsoft Visual Studio Solution File, Format Version 12.00
# Visual Studio 15
VisualStudioVersion = 15.0.26228.4
MinimumVisualStudioVersion = 10.0.40219.1
Project("{9A19103F-16F7-4668-BE54-9A1E7A4F7556}") = "Dragon.CPRX", "Dragon.CPRX\Dragon.CPRX.csproj", "{D5FD489F-BADB-4438-A4F6-4137FFBF9E93}"
EndProject
Project("{FAE04EC0-301F-11D3-BF4B-00C04F79EFBC}") = "Dragon.CPRX.Test", "Dragon.CPRX.Test\Dragon.CPRX.Test.csproj", "{24F2AAA1-B032-4D66-8F22-EDD9BDDDE046}"
EndProject
Project("{FAE04EC0-301F-11D3-BF4B-00C04F79EFBC}") = "Dragon.CPRX.Data", "Dragon.CPRX.Data\Dragon.CPRX.Data.csproj", "{25593DA5-0411-4E00-83E4-AD987B39C434}"
EndProject
Global
	GlobalSection(SolutionConfigurationPlatforms) = preSolution
		Debug|Any CPU = Debug|Any CPU
		Release|Any CPU = Release|Any CPU
	EndGlobalSection
	GlobalSection(ProjectConfigurationPlatforms) = postSolution
		{D5FD489F-BADB-4438-A4F6-4137FFBF9E93}.Debug|Any CPU.ActiveCfg = Debug|Any CPU
		{D5FD489F-BADB-4438-A4F6-4137FFBF9E93}.Debug|Any CPU.Build.0 = Debug|Any CPU
		{D5FD489F-BADB-4438-A4F6-4137FFBF9E93}.Release|Any CPU.ActiveCfg = Release|Any CPU
		{D5FD489F-BADB-4438-A4F6-4137FFBF9E93}.Release|Any CPU.Build.0 = Release|Any CPU
		{24F2AAA1-B032-4D66-8F22-EDD9BDDDE046}.Debug|Any CPU.ActiveCfg = Debug|Any CPU
		{24F2AAA1-B032-4D66-8F22-EDD9BDDDE046}.Debug|Any CPU.Build.0 = Debug|Any CPU
		{24F2AAA1-B032-4D66-8F22-EDD9BDDDE046}.Release|Any CPU.ActiveCfg = Release|Any CPU
		{24F2AAA1-B032-4D66-8F22-EDD9BDDDE046}.Release|Any CPU.Build.0 = Release|Any CPU
		{25593DA5-0411-4E00-83E4-AD987B39C434}.Debug|Any CPU.ActiveCfg = Debug|Any CPU
		{25593DA5-0411-4E00-83E4-AD987B39C434}.Debug|Any CPU.Build.0 = Debug|Any CPU
		{25593DA5-0411-4E00-83E4-AD987B39C434}.Release|Any CPU.ActiveCfg = Release|Any CPU
		{25593DA5-0411-4E00-83E4-AD987B39C434}.Release|Any CPU.Build.0 = Release|Any CPU
	EndGlobalSection
	GlobalSection(SolutionProperties) = preSolution
		HideSolutionNode = FALSE
	EndGlobalSection
EndGlobal
